
Microsoft Visual Studio Solution File, Format Version 12.00
# Visual Studio Version 17
VisualStudioVersion = 17.7.34031.279
MinimumVisualStudioVersion = 10.0.40219.1
Project("{FAE04EC0-301F-11D3-BF4B-00C04F79EFBC}") = "HelloWorld", "HelloWorld.csproj", "{E3029920-37D5-4080-96F4-B24E188B6D09}"
EndProject
Global
	GlobalSection(SolutionConfigurationPlatforms) = preSolution
		Debug|Any CPU = Debug|Any CPU
		Release|Any CPU = Release|Any CPU
	EndGlobalSection
	GlobalSection(ProjectConfigurationPlatforms) = postSolution
		{E3029920-37D5-4080-96F4-B24E188B6D09}.Debug|Any CPU.ActiveCfg = Debug|Any CPU
		{E3029920-37D5-4080-96F4-B24E188B6D09}.Debug|Any CPU.Build.0 = Debug|Any CPU
		{E3029920-37D5-4080-96F4-B24E188B6D09}.Release|Any CPU.ActiveCfg = Release|Any CPU
		{E3029920-37D5-4080-96F4-B24E188B6D09}.Release|Any CPU.Build.0 = Release|Any CPU
	EndGlobalSection
	GlobalSection(SolutionProperties) = preSolution
		HideSolutionNode = FALSE
	EndGlobalSection
	GlobalSection(ExtensibilityGlobals) = postSolution
		SolutionGuid = {B8D3A2FE-9ED2-4ABC-9820-F345B78782B4}
	EndGlobalSection
EndGlobal
